
Microsoft Visual Studio Solution File, Format Version 12.00
# Visual Studio 2013
VisualStudioVersion = 12.0.21005.1
MinimumVisualStudioVersion = 10.0.40219.1
Project("{FAE04EC0-301F-11D3-BF4B-00C04F79EFBC}") = "angularjs-module-architecture", "angularjs-module-architecture\angularjs-module-architecture.csproj", "{E3A92513-9687-4E4D-93C3-E8917CE02147}"
EndProject
Global
	GlobalSection(SolutionConfigurationPlatforms) = preSolution
		Debug|Any CPU = Debug|Any CPU
		Release|Any CPU = Release|Any CPU
	EndGlobalSection
	GlobalSection(ProjectConfigurationPlatforms) = postSolution
		{E3A92513-9687-4E4D-93C3-E8917CE02147}.Debug|Any CPU.ActiveCfg = Debug|Any CPU
		{E3A92513-9687-4E4D-93C3-E8917CE02147}.Debug|Any CPU.Build.0 = Debug|Any CPU
		{E3A92513-9687-4E4D-93C3-E8917CE02147}.Release|Any CPU.ActiveCfg = Release|Any CPU
		{E3A92513-9687-4E4D-93C3-E8917CE02147}.Release|Any CPU.Build.0 = Release|Any CPU
	EndGlobalSection
	GlobalSection(SolutionProperties) = preSolution
		HideSolutionNode = FALSE
	EndGlobalSection
EndGlobal
